# This file is automatically @generated by Cargo.
# It is not intended for manual editing.
version = 3

[[package]]
name = "cc"
version = "1.0.72"
source = "registry+https://github.com/rust-lang/crates.io-index"
checksum = "22a9137b95ea06864e018375b72adfb7db6e6f68cfc8df5a04d00288050485ee"
dependencies = [
 "jobserver",
]

[[package]]
name = "cfg-if"
version = "1.0.0"
source = "registry+https://github.com/rust-lang/crates.io-index"
checksum = "baf1de4339761588bc0619e3cbc0120ee582ebb74b53b4efbf79117bd2da40fd"

[[package]]
name = "getrandom"
version = "0.2.3"
source = "registry+https://github.com/rust-lang/crates.io-index"
checksum = "7fcd999463524c52659517fe2cea98493cfe485d10565e7b0fb07dbba7ad2753"
dependencies = [
 "cfg-if",
 "libc",
 "wasi",
]

[[package]]
name = "glob"
version = "0.3.0"
source = "registry+https://github.com/rust-lang/crates.io-index"
checksum = "9b919933a397b79c37e33b77bb2aa3dc8eb6e165ad809e58ff75bc7db2e34574"

[[package]]
name = "jobserver"
version = "0.1.24"
source = "registry+https://github.com/rust-lang/crates.io-index"
checksum = "af25a77299a7f711a01975c35a6a424eb6862092cc2d6c72c4ed6cbc56dfc1fa"
dependencies = [
 "libc",
]

[[package]]
name = "libc"
version = "0.2.109"
source = "registry+https://github.com/rust-lang/crates.io-index"
checksum = "f98a04dce437184842841303488f70d0188c5f51437d2a834dc097eafa909a01"

[[package]]
name = "pqcrypto-dilithium"
version = "0.4.4"
source = "registry+https://github.com/rust-lang/crates.io-index"
checksum = "ee0f2d889d6a7be7722e8041c4ba6fd490f7b880c68a1f83462ea54adfd2320c"
dependencies = [
 "cc",
 "glob",
 "libc",
 "pqcrypto-internals",
 "pqcrypto-traits",
]

[[package]]
name = "pqcrypto-internals"
version = "0.2.3"
source = "registry+https://github.com/rust-lang/crates.io-index"
checksum = "64b13e34e3758451a74aee45db434cc258b7794225bcbef3274b981545058645"
dependencies = [
 "cc",
 "getrandom",
 "libc",
]

[[package]]
name = "pqcrypto-kyber"
version = "0.7.4"
source = "registry+https://github.com/rust-lang/crates.io-index"
checksum = "ba709549e0dbaa3b56c4e6dc04e5431d9fd9b2d1e082f438e81c8f82561ba368"
dependencies = [
 "cc",
 "glob",
 "libc",
 "pqcrypto-internals",
 "pqcrypto-traits",
]

[[package]]
name = "pqcrypto-traits"
version = "0.3.4"
source = "registry+https://github.com/rust-lang/crates.io-index"
checksum = "97e91cb6af081c6daad5fa705f8adb0634c027662052cb3174bdf2957bf07e25"

[[package]]
name = "qrllib"
version = "0.1.0"
dependencies = [
 "pqcrypto-dilithium",
 "pqcrypto-kyber",
 "pqcrypto-traits",
]

[[package]]
name = "wasi"
version = "0.10.2+wasi-snapshot-preview1"
source = "registry+https://github.com/rust-lang/crates.io-index"
checksum = "fd6fbd9a79829dd1ad0cc20627bf1ed606756a7f77edff7b66b7064f9cb327c6"
